dependencies:
- name: proxy
  repository: file://../cmd/proxy/helm-chart
  version: 0.1.0
- name: auth
  repository: file://../cmd/auth/helm-chart
  version: 0.1.0
- name: user
  repository: file://../cmd/user/helm-chart
  version: 0.1.0
- name: mysql
  repository: https://kubernetes-charts.storage.googleapis.com/
  version: 0.12.0
digest: sha256:fa25b1647d7c1caf2b25e661d1f6c44e93b7774d1c3182c476d6c02841adff5a
generated: 2019-01-15T20:12:18.535576+11:00
