dependencies:
- name: proxy
  repository: file://../cmd/proxy/helm-chart
  version: 0.1.0
- name: auth
  repository: file://../cmd/auth/helm-chart
  version: 0.1.0
- name: user
  repository: file://../cmd/user/helm-chart
  version: 0.1.0
- name: mysql
  repository: https://kubernetes-charts.storage.googleapis.com/
  version: 0.13.0
- name: cert-manager
  repository: https://kubernetes-charts.storage.googleapis.com/
  version: v0.5.2
digest: sha256:ec867711ac96b563cc5d4abe78122581178972b5d2d32cb5331295705c67fa67
generated: 2019-01-16T18:02:17.646844+11:00
