dependencies:
- name: microservice
  repository: file://../microservice
  version: 0.1.0
- name: microservice
  repository: file://../microservice
  version: 0.1.0
- name: microservice
  repository: file://../microservice
  version: 0.1.0
- name: microservice
  repository: file://../microservice
  version: 0.1.0
- name: cert-manager
  repository: https://charts.jetstack.io
  version: v1.0.1
- name: nginx-ingress
  repository: https://kubernetes-charts.storage.googleapis.com/
  version: 1.39.1
- name: mysql
  repository: https://kubernetes-charts.storage.googleapis.com/
  version: 1.6.4
digest: sha256:fd0062587e923c44d26e62609b725835a12f8c1305022f715e3b14113ebf768b
generated: "2020-10-02T18:15:23.938673+10:00"
