dependencies:
- name: microservice
  repository: file://../microservice
  version: 0.1.0
- name: microservice
  repository: file://../microservice
  version: 0.1.0
- name: microservice
  repository: file://../microservice
  version: 0.1.0
- name: microservice
  repository: file://../microservice
  version: 0.1.0
- name: cert-manager
  repository: https://charts.jetstack.io
  version: v1.1.0
- name: nginx-ingress
  repository: https://charts.helm.sh/stable
  version: 1.39.1
- name: mysql
  repository: https://charts.helm.sh/stable
  version: 1.6.4
digest: sha256:e10b16a63cd8ca40cab11b41035a822ffa02b3928639c6ef152ad671e729b546
generated: "2021-01-04T06:44:22.374933+03:00"
