dependencies:
- name: microservice
  repository: file://../microservice
  version: 0.1.0
- name: microservice
  repository: file://../microservice
  version: 0.1.0
- name: microservice
  repository: file://../microservice
  version: 0.1.0
- name: microservice
  repository: file://../microservice
  version: 0.1.0
- name: kubernetes-dashboard
  repository: https://kubernetes-charts.storage.googleapis.com/
  version: 1.10.1
- name: heapster
  repository: https://kubernetes-charts.storage.googleapis.com/
  version: 1.0.2
- name: cert-manager
  repository: https://charts.jetstack.io
  version: v0.12.0
- name: nginx-ingress
  repository: https://kubernetes-charts.storage.googleapis.com/
  version: 1.27.0
- name: magic-namespace
  repository: https://kubernetes-charts.storage.googleapis.com/
  version: 0.5.2
- name: mysql
  repository: https://kubernetes-charts.storage.googleapis.com/
  version: 1.6.2
- name: phpmyadmin
  repository: https://kubernetes-charts.storage.googleapis.com/
  version: 4.2.4
digest: sha256:379a9da8cecd23228cb650d78816f94c691fa1170276b32a0aa9030e0ad813cc
generated: "2019-12-22T20:16:14.067763+11:00"
