# This file is autogenerated, do not edit; changes may be undone by the next 'dep ensure'.


[[projects]]
  name = "github.com/caarlos0/env"
  packages = ["."]
  revision = "0cf029d5748c52beb2c9d20c81880cb4bdf8f788"
  version = "v3.0"

[[projects]]
  name = "github.com/dgrijalva/jwt-go"
  packages = ["."]
  revision = "d2709f9f1f31ebcda9651b03077758c1f3a0018c"
  version = "v3.0.0"

[[projects]]
  branch = "master"
  name = "github.com/golang/protobuf"
  packages = ["proto"]
  revision = "130e6b02ab059e7b717a096f397c5b60111cae74"

[[projects]]
  name = "github.com/google/uuid"
  packages = ["."]
  revision = "064e2069ce9c359c118179501254f67d7d37ba24"
  version = "0.2"

[[projects]]
  name = "github.com/vardius/golog"
  packages = ["."]
  revision = "2eaaaa518a6154b0a20b4a8c88e35743b80be3f4"
  version = "v1.0.0"

[[projects]]
  name = "github.com/vardius/gorouter"
  packages = ["."]
  revision = "9b16ab516357459b53cb80425cf77391d018ce7d"
  version = "v3.0.1"

[[projects]]
  name = "github.com/vardius/message-bus"
  packages = ["."]
  revision = "c1f01b61c37e8992775c53d6be6b61e362adfce2"
  version = "v1.0.0"

[[projects]]
  branch = "master"
  name = "golang.org/x/net"
  packages = ["context"]
  revision = "a04bdaca5b32abe1c069418fb7088ae607de5bd0"

[[projects]]
  name = "google.golang.org/appengine"
  packages = [".","internal","internal/app_identity","internal/base","internal/datastore","internal/log","internal/modules","internal/remote_api","log"]
  revision = "150dc57a1b433e64154302bdc40b6bb8aefa313a"
  version = "v1.0.0"

[solve-meta]
  analyzer-name = "dep"
  analyzer-version = 1
  inputs-digest = "cc76e01797bd31e2151846ae7d486b7ea73a20d48b30e61d26d2c27de07b0aa1"
  solver-name = "gps-cdcl"
  solver-version = 1
